
Microsoft Visual Studio Solution File, Format Version 12.00
# Visual Studio Version 17
VisualStudioVersion = 17.9.34723.18
MinimumVisualStudioVersion = 10.0.40219.1
Project("{FAE04EC0-301F-11D3-BF4B-00C04F79EFBC}") = "DigitalKhata-Monolithic", "DigitalKhata-Monolithic.csproj", "{3943D1F8-C10F-4FBE-9A72-3024AE9FC71A}"
EndProject
Project("{9A19103F-16F7-4668-BE54-9A1E7A4F7556}") = "Common", "..\DigitalKhata\Common\Common.csproj", "{9A0C37C3-FAC0-45D4-9DDC-96EFD287618F}"
EndProject
Project("{9A19103F-16F7-4668-BE54-9A1E7A4F7556}") = "Ethik.Utility", "..\DigitalKhata\Ethik.Utility\Ethik.Utility.csproj", "{D9F4BD66-2705-45B1-8B47-563B80F33935}"
EndProject
Global
	GlobalSection(SolutionConfigurationPlatforms) = preSolution
		Debug|Any CPU = Debug|Any CPU
		Release|Any CPU = Release|Any CPU
	EndGlobalSection
	GlobalSection(ProjectConfigurationPlatforms) = postSolution
		{3943D1F8-C10F-4FBE-9A72-3024AE9FC71A}.Debug|Any CPU.ActiveCfg = Debug|Any CPU
		{3943D1F8-C10F-4FBE-9A72-3024AE9FC71A}.Debug|Any CPU.Build.0 = Debug|Any CPU
		{3943D1F8-C10F-4FBE-9A72-3024AE9FC71A}.Release|Any CPU.ActiveCfg = Release|Any CPU
		{3943D1F8-C10F-4FBE-9A72-3024AE9FC71A}.Release|Any CPU.Build.0 = Release|Any CPU
		{9A0C37C3-FAC0-45D4-9DDC-96EFD287618F}.Debug|Any CPU.ActiveCfg = Debug|Any CPU
		{9A0C37C3-FAC0-45D4-9DDC-96EFD287618F}.Debug|Any CPU.Build.0 = Debug|Any CPU
		{9A0C37C3-FAC0-45D4-9DDC-96EFD287618F}.Release|Any CPU.ActiveCfg = Release|Any CPU
		{9A0C37C3-FAC0-45D4-9DDC-96EFD287618F}.Release|Any CPU.Build.0 = Release|Any CPU
		{D9F4BD66-2705-45B1-8B47-563B80F33935}.Debug|Any CPU.ActiveCfg = Debug|Any CPU
		{D9F4BD66-2705-45B1-8B47-563B80F33935}.Debug|Any CPU.Build.0 = Debug|Any CPU
		{D9F4BD66-2705-45B1-8B47-563B80F33935}.Release|Any CPU.ActiveCfg = Release|Any CPU
		{D9F4BD66-2705-45B1-8B47-563B80F33935}.Release|Any CPU.Build.0 = Release|Any CPU
	EndGlobalSection
	GlobalSection(SolutionProperties) = preSolution
		HideSolutionNode = FALSE
	EndGlobalSection
	GlobalSection(ExtensibilityGlobals) = postSolution
		SolutionGuid = {8C7DEF55-ADA4-46B0-9423-2FE94265FBC4}
	EndGlobalSection
EndGlobal
